
Microsoft Visual Studio Solution File, Format Version 12.00
# Visual Studio Version 17
VisualStudioVersion = 17.11.35312.102
MinimumVisualStudioVersion = 10.0.40219.1
Project("{FAE04EC0-301F-11D3-BF4B-00C04F79EFBC}") = "Safina", "Safina\Safina.csproj", "{66E8BB74-6616-41F2-8578-2F63274D2BA8}"
EndProject
Global
	GlobalSection(SolutionConfigurationPlatforms) = preSolution
		Debug|Any CPU = Debug|Any CPU
		Release|Any CPU = Release|Any CPU
	EndGlobalSection
	GlobalSection(ProjectConfigurationPlatforms) = postSolution
		{66E8BB74-6616-41F2-8578-2F63274D2BA8}.Debug|Any CPU.ActiveCfg = Debug|Any CPU
		{66E8BB74-6616-41F2-8578-2F63274D2BA8}.Debug|Any CPU.Build.0 = Debug|Any CPU
		{66E8BB74-6616-41F2-8578-2F63274D2BA8}.Release|Any CPU.ActiveCfg = Release|Any CPU
		{66E8BB74-6616-41F2-8578-2F63274D2BA8}.Release|Any CPU.Build.0 = Release|Any CPU
	EndGlobalSection
	GlobalSection(SolutionProperties) = preSolution
		HideSolutionNode = FALSE
	EndGlobalSection
	GlobalSection(ExtensibilityGlobals) = postSolution
		SolutionGuid = {EAD74E70-764C-433C-8C32-5A777239EF57}
	EndGlobalSection
EndGlobal
